
Microsoft Visual Studio Solution File, Format Version 11.00
# Visual Studio 2010
Project("{FAE04EC0-301F-11D3-BF4B-00C04F79EFBC}") = "Assembly-CSharp", "Assembly-CSharp.csproj", "{bf5a6b19-c0aa-ec72-8c24-72fed8b918fe}"
EndProject
Project("{FAE04EC0-301F-11D3-BF4B-00C04F79EFBC}") = "Unity.RenderPipelines.HighDefinitionConfig.Editor.Tests", "Unity.RenderPipelines.HighDefinitionConfig.Editor.Tests.csproj", "{593a2b75-3103-244a-899e-e7c26b4f080f}"
EndProject
Project("{FAE04EC0-301F-11D3-BF4B-00C04F79EFBC}") = "Unity.RenderPipelines.HighDefinition.Config.Runtime", "Unity.RenderPipelines.HighDefinition.Config.Runtime.csproj", "{72442795-8ad0-c028-9309-e370d6c2c8c0}"
EndProject
Global
	GlobalSection(SolutionConfigurationPlatforms) = preSolution
		Debug|Any CPU = Debug|Any CPU
	EndGlobalSection
	GlobalSection(ProjectConfigurationPlatforms) = postSolution
		{bf5a6b19-c0aa-ec72-8c24-72fed8b918fe}.Debug|Any CPU.ActiveCfg = Debug|Any CPU
		{bf5a6b19-c0aa-ec72-8c24-72fed8b918fe}.Debug|Any CPU.Build.0 = Debug|Any CPU
		{593a2b75-3103-244a-899e-e7c26b4f080f}.Debug|Any CPU.ActiveCfg = Debug|Any CPU
		{593a2b75-3103-244a-899e-e7c26b4f080f}.Debug|Any CPU.Build.0 = Debug|Any CPU
		{72442795-8ad0-c028-9309-e370d6c2c8c0}.Debug|Any CPU.ActiveCfg = Debug|Any CPU
		{72442795-8ad0-c028-9309-e370d6c2c8c0}.Debug|Any CPU.Build.0 = Debug|Any CPU
	EndGlobalSection
	GlobalSection(SolutionProperties) = preSolution
		HideSolutionNode = FALSE
	EndGlobalSection
EndGlobal
